{
  "version": 4,
  "terraform_version": "1.12.2",
  "serial": 141,
  "lineage": "b1bc2966-b513-d6a6-51b6-0edd674ea39e",
  "outputs": {},
  "resources": [
    {
      "mode": "data",
      "type": "openstack_compute_flavor_v2",
      "name": "small",
      "provider": "provider[\"registry.terraform.io/terraform-provider-openstack/openstack\"]",
      "instances": [
        {
          "schema_version": 0,
          "attributes": {
            "description": "",
            "disk": 20,
            "extra_specs": {},
            "flavor_id": "0de4c5d8-eab2-487d-88fa-7115eb61bfcd",
            "id": "0de4c5d8-eab2-487d-88fa-7115eb61bfcd",
            "is_public": true,
            "min_disk": null,
            "min_ram": null,
            "name": "m1.small",
            "ram": 2048,
            "region": "RegionOne",
            "rx_tx_factor": 1,
            "swap": 0,
            "vcpus": 1
          },
          "sensitive_attributes": [],
          "identity_schema_version": 0
        }
      ]
    },
    {
      "mode": "data",
      "type": "openstack_compute_keypair_v2",
      "name": "admin",
      "provider": "provider[\"registry.terraform.io/terraform-provider-openstack/openstack\"]",
      "instances": [
        {
          "schema_version": 0,
          "attributes": {
            "fingerprint": "28:cd:91:84:86:4e:45:a9:06:55:0f:f7:c8:e6:80:f3",
            "id": "admin",
            "name": "admin",
            "public_key": "ssh-rsa AAAAB3NzaC1yc2EAAAADAQABAAABgQCxSGJ2snt4Acp9jvsp0vPncMP6WTPzHHvJsl7qtUes4C7j+r0Af1iVln/M29AbGzTb7sQnYZCRUGwWVYnH5nmmdQaRjkt5QEP4AGfZZc8BX1PIm/07Ym2DPFPENkUvXCRzn0ui+vN54S5BHFe37lf+qv1Szczp1gJeoZ1xk7nGPbx8XQkaiIJtsDJLf+L8ePPT8gsYcazCbqRrfHdvyEC2pgh+4sep+sG8R3IPI3W9RzU16hR5sNWDjLCCkIaUAyZMBDZqWyk+BbBAsb8jtBhC7eDQE+zVsN/ZLfu2BJvkXWt3gFM3YRyXvvsAGbYZGZSwWX1u9ZaL8mw+WY5sOR2Vj8lDPhA0WIliAu+6O6Zg4hZvAAoBnzCxZUtwBpH5ns8+vBnnh70+tFbrIH6S7OppXxV0cixX8VX7N3imeoJSda2ziCN/BS5x7TVYALMpA+MIOw3AeXQDRFI3bDdYJXrtLkn24sBM7GWoAvxWlcGY9Af65Sx/TItTD1SVKom6RBE= rick@rick-laptop\n",
            "region": "RegionOne",
            "user_id": "4b0e389b696449f2a7baa7d86e848325"
          },
          "sensitive_attributes": [],
          "identity_schema_version": 0
        }
      ]
    },
    {
      "mode": "data",
      "type": "openstack_images_image_v2",
      "name": "centos10",
      "provider": "provider[\"registry.terraform.io/terraform-provider-openstack/openstack\"]",
      "instances": [
        {
          "schema_version": 0,
          "attributes": {
            "checksum": "e09fa05aa4afe3658d61a59e44dbc9c1",
            "container_format": "bare",
            "created_at": "2025-07-10T01:56:46Z",
            "disk_format": "qcow2",
            "file": "/v2/images/156b783e-2862-444f-b055-f74dab60ba40/file",
            "hidden": false,
            "id": "156b783e-2862-444f-b055-f74dab60ba40",
            "member_status": null,
            "metadata": {},
            "min_disk_gb": 0,
            "min_ram_mb": 0,
            "most_recent": false,
            "name": "centos-10",
            "name_regex": null,
            "owner": "a2bf637a895b4532a01069d67935f156",
            "properties": {
              "os_hash_algo": "sha512",
              "os_hash_value": "db9b138b1516b1873027c3699c4d230cd01ba22ce238e4068afdc36e6e0c7d76261e5d03a0373d89610913bf1ef9ede8cf83ac6fdbbdac05f8c93159ea7b1711",
              "owner_specified.openstack.md5": "",
              "owner_specified.openstack.object": "images/centos-10",
              "owner_specified.openstack.sha256": "",
              "stores": "rbd"
            },
            "protected": false,
            "region": "RegionOne",
            "schema": "/v2/schemas/image",
            "size_bytes": 1029111808,
            "size_max": null,
            "size_min": null,
            "sort": "name:asc",
            "tag": null,
            "tags": [],
            "updated_at": "2025-07-10T01:57:15Z",
            "visibility": "public"
          },
          "sensitive_attributes": [],
          "identity_schema_version": 0
        }
      ]
    },
    {
      "mode": "data",
      "type": "openstack_networking_network_v2",
      "name": "admin-genpop",
      "provider": "provider[\"registry.terraform.io/terraform-provider-openstack/openstack\"]",
      "instances": [
        {
          "schema_version": 0,
          "attributes": {
            "admin_state_up": "true",
            "all_tags": [],
            "availability_zone_hints": [],
            "description": "",
            "dns_domain": "",
            "external": false,
            "id": "e9b393b0-7179-4d10-ae04-5ef67fe8d241",
            "matching_subnet_cidr": null,
            "mtu": 1442,
            "name": "Admin-GenPop",
            "network_id": null,
            "region": "RegionOne",
            "segments": [
              {
                "network_type": "geneve",
                "physical_network": "",
                "segmentation_id": 1166
              }
            ],
            "shared": "false",
            "status": null,
            "subnets": [
              "8be0afe6-5b62-411e-a4c9-42c9442b749d"
            ],
            "tags": null,
            "tenant_id": "a2bf637a895b4532a01069d67935f156",
            "transparent_vlan": false
          },
          "sensitive_attributes": [],
          "identity_schema_version": 0
        }
      ]
    },
    {
      "mode": "data",
      "type": "openstack_networking_network_v2",
      "name": "providerlan",
      "provider": "provider[\"registry.terraform.io/terraform-provider-openstack/openstack\"]",
      "instances": [
        {
          "schema_version": 0,
          "attributes": {
            "admin_state_up": "true",
            "all_tags": [],
            "availability_zone_hints": [],
            "description": "",
            "dns_domain": "",
            "external": true,
            "id": "6740f9ae-b94f-46e4-99d4-e679683950fe",
            "matching_subnet_cidr": null,
            "mtu": 1500,
            "name": "ProviderLAN",
            "network_id": null,
            "region": "RegionOne",
            "segments": [
              {
                "network_type": "flat",
                "physical_network": "physnet1",
                "segmentation_id": 0
              }
            ],
            "shared": "true",
            "status": null,
            "subnets": [
              "9c567670-b4ca-4195-a3f3-1084e3428a63"
            ],
            "tags": null,
            "tenant_id": "a2bf637a895b4532a01069d67935f156",
            "transparent_vlan": false
          },
          "sensitive_attributes": [],
          "identity_schema_version": 0
        }
      ]
    },
    {
      "mode": "data",
      "type": "openstack_networking_secgroup_v2",
      "name": "common",
      "provider": "provider[\"registry.terraform.io/terraform-provider-openstack/openstack\"]",
      "instances": [
        {
          "schema_version": 0,
          "attributes": {
            "all_tags": [],
            "description": "Common client access rules - ICMP, SSH, RDP",
            "id": "b151fcd6-a177-4307-9920-607ab8973950",
            "name": "common-client-access",
            "region": "RegionOne",
            "secgroup_id": null,
            "stateful": true,
            "tags": null,
            "tenant_id": "a2bf637a895b4532a01069d67935f156"
          },
          "sensitive_attributes": [],
          "identity_schema_version": 0
        }
      ]
    },
    {
      "mode": "data",
      "type": "openstack_networking_subnet_v2",
      "name": "admin-genpop-subnet",
      "provider": "provider[\"registry.terraform.io/terraform-provider-openstack/openstack\"]",
      "instances": [
        {
          "schema_version": 0,
          "attributes": {
            "all_tags": [],
            "allocation_pools": [
              {
                "end": "10.69.0.200",
                "start": "10.69.0.10"
              }
            ],
            "cidr": "10.69.0.0/24",
            "description": "",
            "dhcp_enabled": null,
            "dns_nameservers": [
              "192.168.1.1"
            ],
            "dns_publish_fixed_ip": false,
            "enable_dhcp": true,
            "gateway_ip": "10.69.0.1",
            "host_routes": [],
            "id": "8be0afe6-5b62-411e-a4c9-42c9442b749d",
            "ip_version": 4,
            "ipv6_address_mode": "",
            "ipv6_ra_mode": "",
            "name": "Admin-GenPop-subnet",
            "network_id": "e9b393b0-7179-4d10-ae04-5ef67fe8d241",
            "region": "RegionOne",
            "segment_id": "",
            "service_types": [],
            "subnet_id": null,
            "subnetpool_id": "",
            "tags": null,
            "tenant_id": "a2bf637a895b4532a01069d67935f156"
          },
          "sensitive_attributes": [],
          "identity_schema_version": 0
        }
      ]
    },
    {
      "mode": "data",
      "type": "openstack_networking_subnet_v2",
      "name": "providerlan_subnet",
      "provider": "provider[\"registry.terraform.io/terraform-provider-openstack/openstack\"]",
      "instances": [
        {
          "schema_version": 0,
          "attributes": {
            "all_tags": [],
            "allocation_pools": [
              {
                "end": "192.168.1.253",
                "start": "192.168.1.200"
              }
            ],
            "cidr": "192.168.1.0/24",
            "description": "",
            "dhcp_enabled": null,
            "dns_nameservers": [
              "192.168.1.1"
            ],
            "dns_publish_fixed_ip": false,
            "enable_dhcp": true,
            "gateway_ip": "192.168.1.1",
            "host_routes": [],
            "id": "9c567670-b4ca-4195-a3f3-1084e3428a63",
            "ip_version": 4,
            "ipv6_address_mode": "",
            "ipv6_ra_mode": "",
            "name": "ProviderLAN-subnet",
            "network_id": "6740f9ae-b94f-46e4-99d4-e679683950fe",
            "region": "RegionOne",
            "segment_id": "",
            "service_types": [],
            "subnet_id": null,
            "subnetpool_id": "",
            "tags": null,
            "tenant_id": "a2bf637a895b4532a01069d67935f156"
          },
          "sensitive_attributes": [],
          "identity_schema_version": 0
        }
      ]
    },
    {
      "mode": "managed",
      "type": "openstack_compute_instance_v2",
      "name": "web",
      "provider": "provider[\"registry.terraform.io/terraform-provider-openstack/openstack\"]",
      "instances": [
        {
          "index_key": 0,
          "schema_version": 0,
          "attributes": {
            "access_ip_v4": "10.69.0.187",
            "access_ip_v6": "",
            "admin_pass": null,
            "all_metadata": {},
            "all_tags": [],
            "availability_zone": "nova",
            "availability_zone_hints": null,
            "block_device": [],
            "config_drive": null,
            "created": "2025-07-10 02:46:12 +0000 UTC",
            "flavor_id": "0de4c5d8-eab2-487d-88fa-7115eb61bfcd",
            "flavor_name": "m1.small",
            "force_delete": false,
            "hypervisor_hostname": "bc04",
            "id": "060e16b5-510a-48ec-b226-0277a22beac8",
            "image_id": "156b783e-2862-444f-b055-f74dab60ba40",
            "image_name": "centos-10",
            "key_pair": "admin",
            "metadata": null,
            "name": "apache-1",
            "network": [
              {
                "access_network": false,
                "fixed_ip_v4": "10.69.0.187",
                "fixed_ip_v6": "",
                "mac": "fa:16:3e:5d:f0:43",
                "name": "Admin-GenPop",
                "port": "303e37db-51c6-45f8-9c30-d7cbd74addf7",
                "uuid": "e9b393b0-7179-4d10-ae04-5ef67fe8d241"
              }
            ],
            "network_mode": null,
            "personality": [],
            "power_state": "active",
            "region": "RegionOne",
            "scheduler_hints": [],
            "security_groups": [
              "common-client-access",
              "web"
            ],
            "stop_before_destroy": false,
            "tags": null,
            "timeouts": null,
            "updated": "2025-07-10 02:46:32 +0000 UTC",
            "user_data": "0b3571f87196312673c12c7675f08dee625037e9",
            "vendor_options": []
          },
          "sensitive_attributes": [
            [
              {
                "type": "get_attr",
                "value": "admin_pass"
              }
            ]
          ],
          "identity_schema_version": 0,
          "private": "eyJlMmJmYjczMC1lY2FhLTExZTYtOGY4OC0zNDM2M2JjN2M0YzAiOnsiY3JlYXRlIjoxODAwMDAwMDAwMDAwLCJkZWxldGUiOjE4MDAwMDAwMDAwMDAsInVwZGF0ZSI6MTgwMDAwMDAwMDAwMH19",
          "dependencies": [
            "data.openstack_compute_flavor_v2.small",
            "data.openstack_compute_keypair_v2.admin",
            "data.openstack_images_image_v2.centos10",
            "data.openstack_networking_network_v2.admin-genpop",
            "data.openstack_networking_secgroup_v2.common",
            "openstack_networking_port_v2.web_ports",
            "openstack_networking_secgroup_v2.web"
          ]
        },
        {
          "index_key": 1,
          "schema_version": 0,
          "attributes": {
            "access_ip_v4": "10.69.0.151",
            "access_ip_v6": "",
            "admin_pass": null,
            "all_metadata": {},
            "all_tags": [],
            "availability_zone": "nova",
            "availability_zone_hints": null,
            "block_device": [],
            "config_drive": null,
            "created": "2025-07-10 02:46:12 +0000 UTC",
            "flavor_id": "0de4c5d8-eab2-487d-88fa-7115eb61bfcd",
            "flavor_name": "m1.small",
            "force_delete": false,
            "hypervisor_hostname": "bc04",
            "id": "9731c654-8ee7-42d1-b71b-52044c8e4f66",
            "image_id": "156b783e-2862-444f-b055-f74dab60ba40",
            "image_name": "centos-10",
            "key_pair": "admin",
            "metadata": null,
            "name": "apache-2",
            "network": [
              {
                "access_network": false,
                "fixed_ip_v4": "10.69.0.151",
                "fixed_ip_v6": "",
                "mac": "fa:16:3e:a9:7c:92",
                "name": "Admin-GenPop",
                "port": "daf3c8df-ef16-4702-b64e-d6e6b04cba87",
                "uuid": "e9b393b0-7179-4d10-ae04-5ef67fe8d241"
              }
            ],
            "network_mode": null,
            "personality": [],
            "power_state": "active",
            "region": "RegionOne",
            "scheduler_hints": [],
            "security_groups": [
              "common-client-access",
              "web"
            ],
            "stop_before_destroy": false,
            "tags": null,
            "timeouts": null,
            "updated": "2025-07-10 02:46:35 +0000 UTC",
            "user_data": "0b3571f87196312673c12c7675f08dee625037e9",
            "vendor_options": []
          },
          "sensitive_attributes": [
            [
              {
                "type": "get_attr",
                "value": "admin_pass"
              }
            ]
          ],
          "identity_schema_version": 0,
          "private": "eyJlMmJmYjczMC1lY2FhLTExZTYtOGY4OC0zNDM2M2JjN2M0YzAiOnsiY3JlYXRlIjoxODAwMDAwMDAwMDAwLCJkZWxldGUiOjE4MDAwMDAwMDAwMDAsInVwZGF0ZSI6MTgwMDAwMDAwMDAwMH19",
          "dependencies": [
            "data.openstack_compute_flavor_v2.small",
            "data.openstack_compute_keypair_v2.admin",
            "data.openstack_images_image_v2.centos10",
            "data.openstack_networking_network_v2.admin-genpop",
            "data.openstack_networking_secgroup_v2.common",
            "openstack_networking_port_v2.web_ports",
            "openstack_networking_secgroup_v2.web"
          ]
        },
        {
          "index_key": 2,
          "schema_version": 0,
          "attributes": {
            "access_ip_v4": "10.69.0.33",
            "access_ip_v6": "",
            "admin_pass": null,
            "all_metadata": {},
            "all_tags": [],
            "availability_zone": "nova",
            "availability_zone_hints": null,
            "block_device": [],
            "config_drive": null,
            "created": "2025-07-10 02:46:12 +0000 UTC",
            "flavor_id": "0de4c5d8-eab2-487d-88fa-7115eb61bfcd",
            "flavor_name": "m1.small",
            "force_delete": false,
            "hypervisor_hostname": "bc04",
            "id": "66615bbc-64e0-4067-b72e-70dd472a3723",
            "image_id": "156b783e-2862-444f-b055-f74dab60ba40",
            "image_name": "centos-10",
            "key_pair": "admin",
            "metadata": null,
            "name": "apache-3",
            "network": [
              {
                "access_network": false,
                "fixed_ip_v4": "10.69.0.33",
                "fixed_ip_v6": "",
                "mac": "fa:16:3e:3d:5b:41",
                "name": "Admin-GenPop",
                "port": "9935ae0e-e88f-4077-b70f-56759e6c4eae",
                "uuid": "e9b393b0-7179-4d10-ae04-5ef67fe8d241"
              }
            ],
            "network_mode": null,
            "personality": [],
            "power_state": "active",
            "region": "RegionOne",
            "scheduler_hints": [],
            "security_groups": [
              "common-client-access",
              "web"
            ],
            "stop_before_destroy": false,
            "tags": null,
            "timeouts": null,
            "updated": "2025-07-10 02:46:37 +0000 UTC",
            "user_data": "0b3571f87196312673c12c7675f08dee625037e9",
            "vendor_options": []
          },
          "sensitive_attributes": [
            [
              {
                "type": "get_attr",
                "value": "admin_pass"
              }
            ]
          ],
          "identity_schema_version": 0,
          "private": "eyJlMmJmYjczMC1lY2FhLTExZTYtOGY4OC0zNDM2M2JjN2M0YzAiOnsiY3JlYXRlIjoxODAwMDAwMDAwMDAwLCJkZWxldGUiOjE4MDAwMDAwMDAwMDAsInVwZGF0ZSI6MTgwMDAwMDAwMDAwMH19",
          "dependencies": [
            "data.openstack_compute_flavor_v2.small",
            "data.openstack_compute_keypair_v2.admin",
            "data.openstack_images_image_v2.centos10",
            "data.openstack_networking_network_v2.admin-genpop",
            "data.openstack_networking_secgroup_v2.common",
            "openstack_networking_port_v2.web_ports",
            "openstack_networking_secgroup_v2.web"
          ]
        }
      ]
    },
    {
      "mode": "managed",
      "type": "openstack_lb_listener_v2",
      "name": "http",
      "provider": "provider[\"registry.terraform.io/terraform-provider-openstack/openstack\"]",
      "instances": [
        {
          "schema_version": 0,
          "attributes": {
            "admin_state_up": true,
            "allowed_cidrs": null,
            "alpn_protocols": [],
            "client_authentication": "NONE",
            "client_ca_tls_container_ref": "",
            "client_crl_container_ref": "",
            "connection_limit": -1,
            "default_pool_id": "",
            "default_tls_container_ref": "",
            "description": "",
            "hsts_include_subdomains": false,
            "hsts_max_age": 0,
            "hsts_preload": false,
            "id": "012a5fd3-cfdd-49d2-b519-fca3ce828675",
            "insert_headers": null,
            "loadbalancer_id": "5a924df2-11c5-47b7-a3ab-8786a018f97e",
            "name": "http-listener",
            "protocol": "HTTP",
            "protocol_port": 80,
            "region": "RegionOne",
            "sni_container_refs": null,
            "tags": null,
            "tenant_id": "a2bf637a895b4532a01069d67935f156",
            "timeout_client_data": 50000,
            "timeout_member_connect": 5000,
            "timeout_member_data": 50000,
            "timeout_tcp_inspect": 0,
            "timeouts": null,
            "tls_ciphers": "",
            "tls_versions": []
          },
          "sensitive_attributes": [],
          "identity_schema_version": 0,
          "private": "eyJlMmJmYjczMC1lY2FhLTExZTYtOGY4OC0zNDM2M2JjN2M0YzAiOnsiY3JlYXRlIjo2MDAwMDAwMDAwMDAsImRlbGV0ZSI6NjAwMDAwMDAwMDAwLCJ1cGRhdGUiOjYwMDAwMDAwMDAwMH19",
          "dependencies": [
            "data.openstack_networking_subnet_v2.providerlan_subnet",
            "openstack_lb_loadbalancer_v2.lb"
          ]
        }
      ]
    },
    {
      "mode": "managed",
      "type": "openstack_lb_loadbalancer_v2",
      "name": "lb",
      "provider": "provider[\"registry.terraform.io/terraform-provider-openstack/openstack\"]",
      "instances": [
        {
          "schema_version": 0,
          "attributes": {
            "admin_state_up": true,
            "availability_zone": "",
            "description": "",
            "flavor_id": "",
            "id": "5a924df2-11c5-47b7-a3ab-8786a018f97e",
            "loadbalancer_provider": "amphora",
            "name": "apache-lb",
            "region": "RegionOne",
            "security_group_ids": [
              "e1173d7a-bc4a-4732-858f-f80b0d443e71"
            ],
            "tags": null,
            "tenant_id": "a2bf637a895b4532a01069d67935f156",
            "timeouts": null,
            "vip_address": "192.168.1.219",
            "vip_network_id": "6740f9ae-b94f-46e4-99d4-e679683950fe",
            "vip_port_id": "35f716d2-fe40-40dd-9fda-18ca29a45092",
            "vip_qos_policy_id": "",
            "vip_subnet_id": "9c567670-b4ca-4195-a3f3-1084e3428a63"
          },
          "sensitive_attributes": [],
          "identity_schema_version": 0,
          "private": "eyJlMmJmYjczMC1lY2FhLTExZTYtOGY4OC0zNDM2M2JjN2M0YzAiOnsiY3JlYXRlIjo2MDAwMDAwMDAwMDAsImRlbGV0ZSI6MzAwMDAwMDAwMDAwLCJ1cGRhdGUiOjYwMDAwMDAwMDAwMH19",
          "dependencies": [
            "data.openstack_networking_subnet_v2.providerlan_subnet"
          ]
        }
      ]
    },
    {
      "mode": "managed",
      "type": "openstack_lb_member_v2",
      "name": "members",
      "provider": "provider[\"registry.terraform.io/terraform-provider-openstack/openstack\"]",
      "instances": [
        {
          "index_key": 0,
          "schema_version": 0,
          "attributes": {
            "address": "10.69.0.187",
            "admin_state_up": true,
            "backup": false,
            "id": "52eb8487-67e2-4759-a346-8c311e2e882d",
            "monitor_address": "",
            "monitor_port": 0,
            "name": "",
            "pool_id": "ac784e5b-6683-4539-b0f4-d7018b3dd887",
            "protocol_port": 80,
            "region": "RegionOne",
            "subnet_id": "8be0afe6-5b62-411e-a4c9-42c9442b749d",
            "tags": null,
            "tenant_id": "a2bf637a895b4532a01069d67935f156",
            "timeouts": null,
            "weight": 1
          },
          "sensitive_attributes": [],
          "identity_schema_version": 0,
          "private": "eyJlMmJmYjczMC1lY2FhLTExZTYtOGY4OC0zNDM2M2JjN2M0YzAiOnsiY3JlYXRlIjo2MDAwMDAwMDAwMDAsImRlbGV0ZSI6NjAwMDAwMDAwMDAwLCJ1cGRhdGUiOjYwMDAwMDAwMDAwMH19",
          "dependencies": [
            "data.openstack_networking_network_v2.admin-genpop",
            "data.openstack_networking_secgroup_v2.common",
            "data.openstack_networking_subnet_v2.admin-genpop-subnet",
            "data.openstack_networking_subnet_v2.providerlan_subnet",
            "openstack_lb_listener_v2.http",
            "openstack_lb_loadbalancer_v2.lb",
            "openstack_lb_pool_v2.web_pool",
            "openstack_networking_port_v2.web_ports",
            "openstack_networking_secgroup_v2.web"
          ]
        },
        {
          "index_key": 1,
          "schema_version": 0,
          "attributes": {
            "address": "10.69.0.151",
            "admin_state_up": true,
            "backup": false,
            "id": "efe5c768-83bd-432e-b3a2-10f310cd9111",
            "monitor_address": "",
            "monitor_port": 0,
            "name": "",
            "pool_id": "ac784e5b-6683-4539-b0f4-d7018b3dd887",
            "protocol_port": 80,
            "region": "RegionOne",
            "subnet_id": "8be0afe6-5b62-411e-a4c9-42c9442b749d",
            "tags": null,
            "tenant_id": "a2bf637a895b4532a01069d67935f156",
            "timeouts": null,
            "weight": 1
          },
          "sensitive_attributes": [],
          "identity_schema_version": 0,
          "private": "eyJlMmJmYjczMC1lY2FhLTExZTYtOGY4OC0zNDM2M2JjN2M0YzAiOnsiY3JlYXRlIjo2MDAwMDAwMDAwMDAsImRlbGV0ZSI6NjAwMDAwMDAwMDAwLCJ1cGRhdGUiOjYwMDAwMDAwMDAwMH19",
          "dependencies": [
            "data.openstack_networking_network_v2.admin-genpop",
            "data.openstack_networking_secgroup_v2.common",
            "data.openstack_networking_subnet_v2.admin-genpop-subnet",
            "data.openstack_networking_subnet_v2.providerlan_subnet",
            "openstack_lb_listener_v2.http",
            "openstack_lb_loadbalancer_v2.lb",
            "openstack_lb_pool_v2.web_pool",
            "openstack_networking_port_v2.web_ports",
            "openstack_networking_secgroup_v2.web"
          ]
        },
        {
          "index_key": 2,
          "schema_version": 0,
          "attributes": {
            "address": "10.69.0.33",
            "admin_state_up": true,
            "backup": false,
            "id": "9645a358-7876-41ea-9772-bf953aca3a94",
            "monitor_address": "",
            "monitor_port": 0,
            "name": "",
            "pool_id": "ac784e5b-6683-4539-b0f4-d7018b3dd887",
            "protocol_port": 80,
            "region": "RegionOne",
            "subnet_id": "8be0afe6-5b62-411e-a4c9-42c9442b749d",
            "tags": null,
            "tenant_id": "a2bf637a895b4532a01069d67935f156",
            "timeouts": null,
            "weight": 1
          },
          "sensitive_attributes": [],
          "identity_schema_version": 0,
          "private": "eyJlMmJmYjczMC1lY2FhLTExZTYtOGY4OC0zNDM2M2JjN2M0YzAiOnsiY3JlYXRlIjo2MDAwMDAwMDAwMDAsImRlbGV0ZSI6NjAwMDAwMDAwMDAwLCJ1cGRhdGUiOjYwMDAwMDAwMDAwMH19",
          "dependencies": [
            "data.openstack_networking_network_v2.admin-genpop",
            "data.openstack_networking_secgroup_v2.common",
            "data.openstack_networking_subnet_v2.admin-genpop-subnet",
            "data.openstack_networking_subnet_v2.providerlan_subnet",
            "openstack_lb_listener_v2.http",
            "openstack_lb_loadbalancer_v2.lb",
            "openstack_lb_pool_v2.web_pool",
            "openstack_networking_port_v2.web_ports",
            "openstack_networking_secgroup_v2.web"
          ]
        }
      ]
    },
    {
      "mode": "managed",
      "type": "openstack_lb_monitor_v2",
      "name": "hc",
      "provider": "provider[\"registry.terraform.io/terraform-provider-openstack/openstack\"]",
      "instances": [
        {
          "schema_version": 0,
          "attributes": {
            "admin_state_up": true,
            "delay": 5,
            "domain_name": "",
            "expected_codes": "200",
            "http_method": "GET",
            "http_version": "",
            "id": "12236e2e-7666-4b17-b8db-9ad57ec06bf6",
            "max_retries": 3,
            "max_retries_down": 3,
            "name": "",
            "pool_id": "ac784e5b-6683-4539-b0f4-d7018b3dd887",
            "region": "RegionOne",
            "tenant_id": "a2bf637a895b4532a01069d67935f156",
            "timeout": 3,
            "timeouts": null,
            "type": "HTTP",
            "url_path": "/"
          },
          "sensitive_attributes": [],
          "identity_schema_version": 0,
          "private": "eyJlMmJmYjczMC1lY2FhLTExZTYtOGY4OC0zNDM2M2JjN2M0YzAiOnsiY3JlYXRlIjo2MDAwMDAwMDAwMDAsImRlbGV0ZSI6NjAwMDAwMDAwMDAwLCJ1cGRhdGUiOjYwMDAwMDAwMDAwMH19",
          "dependencies": [
            "data.openstack_networking_subnet_v2.providerlan_subnet",
            "openstack_lb_listener_v2.http",
            "openstack_lb_loadbalancer_v2.lb",
            "openstack_lb_pool_v2.web_pool"
          ]
        }
      ]
    },
    {
      "mode": "managed",
      "type": "openstack_lb_pool_v2",
      "name": "web_pool",
      "provider": "provider[\"registry.terraform.io/terraform-provider-openstack/openstack\"]",
      "instances": [
        {
          "schema_version": 0,
          "attributes": {
            "admin_state_up": true,
            "alpn_protocols": [],
            "ca_tls_container_ref": "",
            "crl_container_ref": "",
            "description": "",
            "id": "ac784e5b-6683-4539-b0f4-d7018b3dd887",
            "lb_method": "ROUND_ROBIN",
            "listener_id": "012a5fd3-cfdd-49d2-b519-fca3ce828675",
            "loadbalancer_id": null,
            "name": "web-pool",
            "persistence": [],
            "protocol": "HTTP",
            "region": "RegionOne",
            "tags": null,
            "tenant_id": "a2bf637a895b4532a01069d67935f156",
            "timeouts": null,
            "tls_ciphers": "",
            "tls_container_ref": "",
            "tls_enabled": false,
            "tls_versions": []
          },
          "sensitive_attributes": [],
          "identity_schema_version": 0,
          "private": "eyJlMmJmYjczMC1lY2FhLTExZTYtOGY4OC0zNDM2M2JjN2M0YzAiOnsiY3JlYXRlIjo2MDAwMDAwMDAwMDAsImRlbGV0ZSI6NjAwMDAwMDAwMDAwLCJ1cGRhdGUiOjYwMDAwMDAwMDAwMH19",
          "dependencies": [
            "data.openstack_networking_subnet_v2.providerlan_subnet",
            "openstack_lb_listener_v2.http",
            "openstack_lb_loadbalancer_v2.lb"
          ]
        }
      ]
    },
    {
      "mode": "managed",
      "type": "openstack_networking_port_v2",
      "name": "web_ports",
      "provider": "provider[\"registry.terraform.io/terraform-provider-openstack/openstack\"]",
      "instances": [
        {
          "index_key": 0,
          "schema_version": 0,
          "attributes": {
            "admin_state_up": true,
            "all_fixed_ips": [
              "10.69.0.187"
            ],
            "all_security_group_ids": [
              "a600a1b7-d3dc-4cea-9222-dc7b2fbdad82",
              "b151fcd6-a177-4307-9920-607ab8973950"
            ],
            "all_tags": [],
            "allowed_address_pairs": [],
            "binding": [
              {
                "host_id": "",
                "profile": "{}",
                "vif_details": {},
                "vif_type": "unbound",
                "vnic_type": "normal"
              }
            ],
            "description": "",
            "device_id": "",
            "device_owner": "",
            "dns_assignment": [],
            "dns_name": "",
            "extra_dhcp_option": [],
            "fixed_ip": [],
            "id": "303e37db-51c6-45f8-9c30-d7cbd74addf7",
            "mac_address": "fa:16:3e:5d:f0:43",
            "name": "apache-port-1",
            "network_id": "e9b393b0-7179-4d10-ae04-5ef67fe8d241",
            "no_fixed_ip": null,
            "no_security_groups": null,
            "port_security_enabled": true,
            "qos_policy_id": "",
            "region": "RegionOne",
            "security_group_ids": [
              "a600a1b7-d3dc-4cea-9222-dc7b2fbdad82",
              "b151fcd6-a177-4307-9920-607ab8973950"
            ],
            "tags": null,
            "tenant_id": "a2bf637a895b4532a01069d67935f156",
            "timeouts": null,
            "value_specs": null
          },
          "sensitive_attributes": [],
          "identity_schema_version": 0,
          "private": "eyJlMmJmYjczMC1lY2FhLTExZTYtOGY4OC0zNDM2M2JjN2M0YzAiOnsiY3JlYXRlIjo2MDAwMDAwMDAwMDAsImRlbGV0ZSI6NjAwMDAwMDAwMDAwfX0=",
          "dependencies": [
            "data.openstack_networking_network_v2.admin-genpop",
            "data.openstack_networking_secgroup_v2.common",
            "openstack_networking_secgroup_v2.web"
          ]
        },
        {
          "index_key": 1,
          "schema_version": 0,
          "attributes": {
            "admin_state_up": true,
            "all_fixed_ips": [
              "10.69.0.151"
            ],
            "all_security_group_ids": [
              "a600a1b7-d3dc-4cea-9222-dc7b2fbdad82",
              "b151fcd6-a177-4307-9920-607ab8973950"
            ],
            "all_tags": [],
            "allowed_address_pairs": [],
            "binding": [
              {
                "host_id": "",
                "profile": "{}",
                "vif_details": {},
                "vif_type": "unbound",
                "vnic_type": "normal"
              }
            ],
            "description": "",
            "device_id": "",
            "device_owner": "",
            "dns_assignment": [],
            "dns_name": "",
            "extra_dhcp_option": [],
            "fixed_ip": [],
            "id": "daf3c8df-ef16-4702-b64e-d6e6b04cba87",
            "mac_address": "fa:16:3e:a9:7c:92",
            "name": "apache-port-2",
            "network_id": "e9b393b0-7179-4d10-ae04-5ef67fe8d241",
            "no_fixed_ip": null,
            "no_security_groups": null,
            "port_security_enabled": true,
            "qos_policy_id": "",
            "region": "RegionOne",
            "security_group_ids": [
              "a600a1b7-d3dc-4cea-9222-dc7b2fbdad82",
              "b151fcd6-a177-4307-9920-607ab8973950"
            ],
            "tags": null,
            "tenant_id": "a2bf637a895b4532a01069d67935f156",
            "timeouts": null,
            "value_specs": null
          },
          "sensitive_attributes": [],
          "identity_schema_version": 0,
          "private": "eyJlMmJmYjczMC1lY2FhLTExZTYtOGY4OC0zNDM2M2JjN2M0YzAiOnsiY3JlYXRlIjo2MDAwMDAwMDAwMDAsImRlbGV0ZSI6NjAwMDAwMDAwMDAwfX0=",
          "dependencies": [
            "data.openstack_networking_network_v2.admin-genpop",
            "data.openstack_networking_secgroup_v2.common",
            "openstack_networking_secgroup_v2.web"
          ]
        },
        {
          "index_key": 2,
          "schema_version": 0,
          "attributes": {
            "admin_state_up": true,
            "all_fixed_ips": [
              "10.69.0.33"
            ],
            "all_security_group_ids": [
              "a600a1b7-d3dc-4cea-9222-dc7b2fbdad82",
              "b151fcd6-a177-4307-9920-607ab8973950"
            ],
            "all_tags": [],
            "allowed_address_pairs": [],
            "binding": [
              {
                "host_id": "",
                "profile": "{}",
                "vif_details": {},
                "vif_type": "unbound",
                "vnic_type": "normal"
              }
            ],
            "description": "",
            "device_id": "",
            "device_owner": "",
            "dns_assignment": [],
            "dns_name": "",
            "extra_dhcp_option": [],
            "fixed_ip": [],
            "id": "9935ae0e-e88f-4077-b70f-56759e6c4eae",
            "mac_address": "fa:16:3e:3d:5b:41",
            "name": "apache-port-3",
            "network_id": "e9b393b0-7179-4d10-ae04-5ef67fe8d241",
            "no_fixed_ip": null,
            "no_security_groups": null,
            "port_security_enabled": true,
            "qos_policy_id": "",
            "region": "RegionOne",
            "security_group_ids": [
              "a600a1b7-d3dc-4cea-9222-dc7b2fbdad82",
              "b151fcd6-a177-4307-9920-607ab8973950"
            ],
            "tags": null,
            "tenant_id": "a2bf637a895b4532a01069d67935f156",
            "timeouts": null,
            "value_specs": null
          },
          "sensitive_attributes": [],
          "identity_schema_version": 0,
          "private": "eyJlMmJmYjczMC1lY2FhLTExZTYtOGY4OC0zNDM2M2JjN2M0YzAiOnsiY3JlYXRlIjo2MDAwMDAwMDAwMDAsImRlbGV0ZSI6NjAwMDAwMDAwMDAwfX0=",
          "dependencies": [
            "data.openstack_networking_network_v2.admin-genpop",
            "data.openstack_networking_secgroup_v2.common",
            "openstack_networking_secgroup_v2.web"
          ]
        }
      ]
    },
    {
      "mode": "managed",
      "type": "openstack_networking_secgroup_rule_v2",
      "name": "web_http",
      "provider": "provider[\"registry.terraform.io/terraform-provider-openstack/openstack\"]",
      "instances": [
        {
          "schema_version": 0,
          "attributes": {
            "description": "",
            "direction": "ingress",
            "ethertype": "IPv4",
            "id": "5547dacb-d04a-43a4-87ce-02e6b0f00be8",
            "port_range_max": 80,
            "port_range_min": 80,
            "protocol": "tcp",
            "region": "RegionOne",
            "remote_address_group_id": "",
            "remote_group_id": "",
            "remote_ip_prefix": "0.0.0.0/0",
            "security_group_id": "a600a1b7-d3dc-4cea-9222-dc7b2fbdad82",
            "tenant_id": "a2bf637a895b4532a01069d67935f156",
            "timeouts": null
          },
          "sensitive_attributes": [],
          "identity_schema_version": 0,
          "private": "eyJlMmJmYjczMC1lY2FhLTExZTYtOGY4OC0zNDM2M2JjN2M0YzAiOnsiZGVsZXRlIjo2MDAwMDAwMDAwMDB9fQ==",
          "dependencies": [
            "openstack_networking_secgroup_v2.web"
          ]
        }
      ]
    },
    {
      "mode": "managed",
      "type": "openstack_networking_secgroup_rule_v2",
      "name": "web_https",
      "provider": "provider[\"registry.terraform.io/terraform-provider-openstack/openstack\"]",
      "instances": [
        {
          "schema_version": 0,
          "attributes": {
            "description": "",
            "direction": "ingress",
            "ethertype": "IPv4",
            "id": "05b7540f-5d83-4c75-8ad3-bc0a50454532",
            "port_range_max": 443,
            "port_range_min": 443,
            "protocol": "tcp",
            "region": "RegionOne",
            "remote_address_group_id": "",
            "remote_group_id": "",
            "remote_ip_prefix": "0.0.0.0/0",
            "security_group_id": "a600a1b7-d3dc-4cea-9222-dc7b2fbdad82",
            "tenant_id": "a2bf637a895b4532a01069d67935f156",
            "timeouts": null
          },
          "sensitive_attributes": [],
          "identity_schema_version": 0,
          "private": "eyJlMmJmYjczMC1lY2FhLTExZTYtOGY4OC0zNDM2M2JjN2M0YzAiOnsiZGVsZXRlIjo2MDAwMDAwMDAwMDB9fQ==",
          "dependencies": [
            "openstack_networking_secgroup_v2.web"
          ]
        }
      ]
    },
    {
      "mode": "managed",
      "type": "openstack_networking_secgroup_v2",
      "name": "web",
      "provider": "provider[\"registry.terraform.io/terraform-provider-openstack/openstack\"]",
      "instances": [
        {
          "schema_version": 0,
          "attributes": {
            "all_tags": [],
            "delete_default_rules": false,
            "description": "Allow HTTP/HTTPS",
            "id": "a600a1b7-d3dc-4cea-9222-dc7b2fbdad82",
            "name": "web",
            "region": "RegionOne",
            "stateful": true,
            "tags": null,
            "tenant_id": "a2bf637a895b4532a01069d67935f156",
            "timeouts": null
          },
          "sensitive_attributes": [],
          "identity_schema_version": 0,
          "private": "eyJlMmJmYjczMC1lY2FhLTExZTYtOGY4OC0zNDM2M2JjN2M0YzAiOnsiZGVsZXRlIjo2MDAwMDAwMDAwMDB9fQ=="
        }
      ]
    }
  ],
  "check_results": null
}
