{
  "version": 4,
  "terraform_version": "1.12.2",
  "serial": 372,
  "lineage": "b1bc2966-b513-d6a6-51b6-0edd674ea39e",
  "outputs": {
    "web_server_http_urls": {
      "value": [
        "http://10.69.0.54",
        "http://10.69.0.74",
        "http://10.69.0.152"
      ],
      "type": [
        "tuple",
        [
          "string",
          "string",
          "string"
        ]
      ]
    },
    "web_server_ssh_cmds": {
      "value": [
        "ssh cloud-user@10.69.0.54",
        "ssh cloud-user@10.69.0.74",
        "ssh cloud-user@10.69.0.152"
      ],
      "type": [
        "tuple",
        [
          "string",
          "string",
          "string"
        ]
      ]
    }
  },
  "resources": [
    {
      "mode": "data",
      "type": "openstack_compute_flavor_v2",
      "name": "small",
      "provider": "provider[\"registry.terraform.io/terraform-provider-openstack/openstack\"]",
      "instances": [
        {
          "schema_version": 0,
          "attributes": {
            "description": "",
            "disk": 20,
            "extra_specs": {},
            "flavor_id": "0de4c5d8-eab2-487d-88fa-7115eb61bfcd",
            "id": "0de4c5d8-eab2-487d-88fa-7115eb61bfcd",
            "is_public": true,
            "min_disk": null,
            "min_ram": null,
            "name": "m1.small",
            "ram": 2048,
            "region": "RegionOne",
            "rx_tx_factor": 1,
            "swap": 0,
            "vcpus": 1
          },
          "sensitive_attributes": [],
          "identity_schema_version": 0
        }
      ]
    },
    {
      "mode": "data",
      "type": "openstack_compute_keypair_v2",
      "name": "admin",
      "provider": "provider[\"registry.terraform.io/terraform-provider-openstack/openstack\"]",
      "instances": [
        {
          "schema_version": 0,
          "attributes": {
            "fingerprint": "28:cd:91:84:86:4e:45:a9:06:55:0f:f7:c8:e6:80:f3",
            "id": "admin",
            "name": "admin",
            "public_key": "ssh-rsa AAAAB3NzaC1yc2EAAAADAQABAAABgQCxSGJ2snt4Acp9jvsp0vPncMP6WTPzHHvJsl7qtUes4C7j+r0Af1iVln/M29AbGzTb7sQnYZCRUGwWVYnH5nmmdQaRjkt5QEP4AGfZZc8BX1PIm/07Ym2DPFPENkUvXCRzn0ui+vN54S5BHFe37lf+qv1Szczp1gJeoZ1xk7nGPbx8XQkaiIJtsDJLf+L8ePPT8gsYcazCbqRrfHdvyEC2pgh+4sep+sG8R3IPI3W9RzU16hR5sNWDjLCCkIaUAyZMBDZqWyk+BbBAsb8jtBhC7eDQE+zVsN/ZLfu2BJvkXWt3gFM3YRyXvvsAGbYZGZSwWX1u9ZaL8mw+WY5sOR2Vj8lDPhA0WIliAu+6O6Zg4hZvAAoBnzCxZUtwBpH5ns8+vBnnh70+tFbrIH6S7OppXxV0cixX8VX7N3imeoJSda2ziCN/BS5x7TVYALMpA+MIOw3AeXQDRFI3bDdYJXrtLkn24sBM7GWoAvxWlcGY9Af65Sx/TItTD1SVKom6RBE= rick@rick-laptop\n",
            "region": "RegionOne",
            "user_id": "4b0e389b696449f2a7baa7d86e848325"
          },
          "sensitive_attributes": [],
          "identity_schema_version": 0
        }
      ]
    },
    {
      "mode": "data",
      "type": "openstack_images_image_v2",
      "name": "centos10",
      "provider": "provider[\"registry.terraform.io/terraform-provider-openstack/openstack\"]",
      "instances": [
        {
          "schema_version": 0,
          "attributes": {
            "checksum": "e09fa05aa4afe3658d61a59e44dbc9c1",
            "container_format": "bare",
            "created_at": "2025-07-10T01:56:46Z",
            "disk_format": "qcow2",
            "file": "/v2/images/156b783e-2862-444f-b055-f74dab60ba40/file",
            "hidden": false,
            "id": "156b783e-2862-444f-b055-f74dab60ba40",
            "member_status": null,
            "metadata": {},
            "min_disk_gb": 0,
            "min_ram_mb": 0,
            "most_recent": false,
            "name": "centos-10",
            "name_regex": null,
            "owner": "a2bf637a895b4532a01069d67935f156",
            "properties": {
              "os_hash_algo": "sha512",
              "os_hash_value": "db9b138b1516b1873027c3699c4d230cd01ba22ce238e4068afdc36e6e0c7d76261e5d03a0373d89610913bf1ef9ede8cf83ac6fdbbdac05f8c93159ea7b1711",
              "owner_specified.openstack.md5": "",
              "owner_specified.openstack.object": "images/centos-10",
              "owner_specified.openstack.sha256": "",
              "stores": "rbd"
            },
            "protected": false,
            "region": "RegionOne",
            "schema": "/v2/schemas/image",
            "size_bytes": 1029111808,
            "size_max": null,
            "size_min": null,
            "sort": "name:asc",
            "tag": null,
            "tags": [],
            "updated_at": "2025-07-10T01:57:15Z",
            "visibility": "public"
          },
          "sensitive_attributes": [],
          "identity_schema_version": 0
        }
      ]
    },
    {
      "mode": "data",
      "type": "openstack_networking_network_v2",
      "name": "admin-genpop",
      "provider": "provider[\"registry.terraform.io/terraform-provider-openstack/openstack\"]",
      "instances": [
        {
          "schema_version": 0,
          "attributes": {
            "admin_state_up": "true",
            "all_tags": [],
            "availability_zone_hints": [],
            "description": "",
            "dns_domain": "",
            "external": false,
            "id": "e9b393b0-7179-4d10-ae04-5ef67fe8d241",
            "matching_subnet_cidr": null,
            "mtu": 1442,
            "name": "Admin-GenPop",
            "network_id": null,
            "region": "RegionOne",
            "segments": [
              {
                "network_type": "geneve",
                "physical_network": "",
                "segmentation_id": 1166
              }
            ],
            "shared": "false",
            "status": null,
            "subnets": [
              "8be0afe6-5b62-411e-a4c9-42c9442b749d"
            ],
            "tags": null,
            "tenant_id": "a2bf637a895b4532a01069d67935f156",
            "transparent_vlan": false
          },
          "sensitive_attributes": [],
          "identity_schema_version": 0
        }
      ]
    },
    {
      "mode": "data",
      "type": "openstack_networking_network_v2",
      "name": "providerlan",
      "provider": "provider[\"registry.terraform.io/terraform-provider-openstack/openstack\"]",
      "instances": [
        {
          "schema_version": 0,
          "attributes": {
            "admin_state_up": "true",
            "all_tags": [],
            "availability_zone_hints": [],
            "description": "",
            "dns_domain": "",
            "external": true,
            "id": "6740f9ae-b94f-46e4-99d4-e679683950fe",
            "matching_subnet_cidr": null,
            "mtu": 1500,
            "name": "ProviderLAN",
            "network_id": null,
            "region": "RegionOne",
            "segments": [
              {
                "network_type": "flat",
                "physical_network": "physnet1",
                "segmentation_id": 0
              }
            ],
            "shared": "true",
            "status": null,
            "subnets": [
              "9c567670-b4ca-4195-a3f3-1084e3428a63"
            ],
            "tags": null,
            "tenant_id": "a2bf637a895b4532a01069d67935f156",
            "transparent_vlan": false
          },
          "sensitive_attributes": [],
          "identity_schema_version": 0
        }
      ]
    },
    {
      "mode": "data",
      "type": "openstack_networking_secgroup_v2",
      "name": "common",
      "provider": "provider[\"registry.terraform.io/terraform-provider-openstack/openstack\"]",
      "instances": [
        {
          "schema_version": 0,
          "attributes": {
            "all_tags": [],
            "description": "Common client access rules - ICMP, SSH, RDP",
            "id": "b151fcd6-a177-4307-9920-607ab8973950",
            "name": "common-client-access",
            "region": "RegionOne",
            "secgroup_id": null,
            "stateful": true,
            "tags": null,
            "tenant_id": "a2bf637a895b4532a01069d67935f156"
          },
          "sensitive_attributes": [],
          "identity_schema_version": 0
        }
      ]
    },
    {
      "mode": "data",
      "type": "openstack_networking_subnet_v2",
      "name": "admin-genpop-subnet",
      "provider": "provider[\"registry.terraform.io/terraform-provider-openstack/openstack\"]",
      "instances": [
        {
          "schema_version": 0,
          "attributes": {
            "all_tags": [],
            "allocation_pools": [
              {
                "end": "10.69.0.200",
                "start": "10.69.0.10"
              }
            ],
            "cidr": "10.69.0.0/24",
            "description": "",
            "dhcp_enabled": null,
            "dns_nameservers": [
              "192.168.1.1"
            ],
            "dns_publish_fixed_ip": false,
            "enable_dhcp": true,
            "gateway_ip": "10.69.0.1",
            "host_routes": [],
            "id": "8be0afe6-5b62-411e-a4c9-42c9442b749d",
            "ip_version": 4,
            "ipv6_address_mode": "",
            "ipv6_ra_mode": "",
            "name": "Admin-GenPop-subnet",
            "network_id": "e9b393b0-7179-4d10-ae04-5ef67fe8d241",
            "region": "RegionOne",
            "segment_id": "",
            "service_types": [],
            "subnet_id": null,
            "subnetpool_id": "",
            "tags": null,
            "tenant_id": "a2bf637a895b4532a01069d67935f156"
          },
          "sensitive_attributes": [],
          "identity_schema_version": 0
        }
      ]
    },
    {
      "mode": "data",
      "type": "openstack_networking_subnet_v2",
      "name": "providerlan_subnet",
      "provider": "provider[\"registry.terraform.io/terraform-provider-openstack/openstack\"]",
      "instances": [
        {
          "schema_version": 0,
          "attributes": {
            "all_tags": [],
            "allocation_pools": [
              {
                "end": "192.168.1.253",
                "start": "192.168.1.200"
              }
            ],
            "cidr": "192.168.1.0/24",
            "description": "",
            "dhcp_enabled": null,
            "dns_nameservers": [
              "192.168.1.1"
            ],
            "dns_publish_fixed_ip": false,
            "enable_dhcp": true,
            "gateway_ip": "192.168.1.1",
            "host_routes": [],
            "id": "9c567670-b4ca-4195-a3f3-1084e3428a63",
            "ip_version": 4,
            "ipv6_address_mode": "",
            "ipv6_ra_mode": "",
            "name": "ProviderLAN-subnet",
            "network_id": "6740f9ae-b94f-46e4-99d4-e679683950fe",
            "region": "RegionOne",
            "segment_id": "",
            "service_types": [],
            "subnet_id": null,
            "subnetpool_id": "",
            "tags": null,
            "tenant_id": "a2bf637a895b4532a01069d67935f156"
          },
          "sensitive_attributes": [],
          "identity_schema_version": 0
        }
      ]
    },
    {
      "mode": "managed",
      "type": "openstack_blockstorage_volume_v3",
      "name": "web_data",
      "provider": "provider[\"registry.terraform.io/terraform-provider-openstack/openstack\"]",
      "instances": [
        {
          "index_key": 0,
          "schema_version": 0,
          "attributes": {
            "attachment": [],
            "availability_zone": "nova",
            "backup_id": "",
            "consistency_group_id": null,
            "description": "",
            "enable_online_resize": null,
            "id": "67e8d935-a352-4d26-9524-d8c0a0b0e2f3",
            "image_id": null,
            "metadata": {},
            "name": "apache-vol-1",
            "region": "RegionOne",
            "scheduler_hints": [],
            "size": 120,
            "snapshot_id": "",
            "source_replica": null,
            "source_vol_id": "",
            "timeouts": null,
            "volume_retype_policy": "never",
            "volume_type": "HDD"
          },
          "sensitive_attributes": [],
          "identity_schema_version": 0,
          "private": "eyJlMmJmYjczMC1lY2FhLTExZTYtOGY4OC0zNDM2M2JjN2M0YzAiOnsiY3JlYXRlIjo2MDAwMDAwMDAwMDAsImRlbGV0ZSI6NjAwMDAwMDAwMDAwfX0="
        },
        {
          "index_key": 1,
          "schema_version": 0,
          "attributes": {
            "attachment": [],
            "availability_zone": "nova",
            "backup_id": "",
            "consistency_group_id": null,
            "description": "",
            "enable_online_resize": null,
            "id": "8227a9f8-67d7-44aa-9b95-eb8a29f8cc3b",
            "image_id": null,
            "metadata": {},
            "name": "apache-vol-2",
            "region": "RegionOne",
            "scheduler_hints": [],
            "size": 120,
            "snapshot_id": "",
            "source_replica": null,
            "source_vol_id": "",
            "timeouts": null,
            "volume_retype_policy": "never",
            "volume_type": "HDD"
          },
          "sensitive_attributes": [],
          "identity_schema_version": 0,
          "private": "eyJlMmJmYjczMC1lY2FhLTExZTYtOGY4OC0zNDM2M2JjN2M0YzAiOnsiY3JlYXRlIjo2MDAwMDAwMDAwMDAsImRlbGV0ZSI6NjAwMDAwMDAwMDAwfX0="
        },
        {
          "index_key": 2,
          "schema_version": 0,
          "attributes": {
            "attachment": [],
            "availability_zone": "nova",
            "backup_id": "",
            "consistency_group_id": null,
            "description": "",
            "enable_online_resize": null,
            "id": "b02c3339-43a8-408d-9bb8-6e32a5f161c3",
            "image_id": null,
            "metadata": {},
            "name": "apache-vol-3",
            "region": "RegionOne",
            "scheduler_hints": [],
            "size": 120,
            "snapshot_id": "",
            "source_replica": null,
            "source_vol_id": "",
            "timeouts": null,
            "volume_retype_policy": "never",
            "volume_type": "HDD"
          },
          "sensitive_attributes": [],
          "identity_schema_version": 0,
          "private": "eyJlMmJmYjczMC1lY2FhLTExZTYtOGY4OC0zNDM2M2JjN2M0YzAiOnsiY3JlYXRlIjo2MDAwMDAwMDAwMDAsImRlbGV0ZSI6NjAwMDAwMDAwMDAwfX0="
        }
      ]
    },
    {
      "mode": "managed",
      "type": "openstack_compute_instance_v2",
      "name": "web",
      "provider": "provider[\"registry.terraform.io/terraform-provider-openstack/openstack\"]",
      "instances": [
        {
          "index_key": 0,
          "schema_version": 0,
          "attributes": {
            "access_ip_v4": "10.69.0.54",
            "access_ip_v6": "",
            "admin_pass": null,
            "all_metadata": {},
            "all_tags": [],
            "availability_zone": "nova",
            "availability_zone_hints": null,
            "block_device": [],
            "config_drive": null,
            "created": "2025-07-11 01:06:09 +0000 UTC",
            "flavor_id": "0de4c5d8-eab2-487d-88fa-7115eb61bfcd",
            "flavor_name": "m1.small",
            "force_delete": false,
            "hypervisor_hostname": "bc04",
            "id": "0fd22398-005d-4f04-829a-9802359f488c",
            "image_id": "156b783e-2862-444f-b055-f74dab60ba40",
            "image_name": "centos-10",
            "key_pair": "admin",
            "metadata": null,
            "name": "apache-1",
            "network": [
              {
                "access_network": false,
                "fixed_ip_v4": "10.69.0.54",
                "fixed_ip_v6": "",
                "mac": "fa:16:3e:62:a4:37",
                "name": "Admin-GenPop",
                "port": "699ec053-f090-424d-aaff-5cfdf6a25265",
                "uuid": "e9b393b0-7179-4d10-ae04-5ef67fe8d241"
              }
            ],
            "network_mode": null,
            "personality": [],
            "power_state": "active",
            "region": "RegionOne",
            "scheduler_hints": [],
            "security_groups": [
              "common-client-access",
              "web"
            ],
            "stop_before_destroy": false,
            "tags": null,
            "timeouts": null,
            "updated": "2025-07-11 01:06:34 +0000 UTC",
            "user_data": "e1a3f5cf77130ccfcd578ba693d2cb9f398f7ea7",
            "vendor_options": []
          },
          "sensitive_attributes": [
            [
              {
                "type": "get_attr",
                "value": "admin_pass"
              }
            ]
          ],
          "identity_schema_version": 0,
          "private": "eyJlMmJmYjczMC1lY2FhLTExZTYtOGY4OC0zNDM2M2JjN2M0YzAiOnsiY3JlYXRlIjoxODAwMDAwMDAwMDAwLCJkZWxldGUiOjE4MDAwMDAwMDAwMDAsInVwZGF0ZSI6MTgwMDAwMDAwMDAwMH19",
          "dependencies": [
            "data.openstack_compute_flavor_v2.small",
            "data.openstack_compute_keypair_v2.admin",
            "data.openstack_images_image_v2.centos10",
            "data.openstack_networking_network_v2.admin-genpop",
            "data.openstack_networking_secgroup_v2.common",
            "openstack_networking_port_v2.web_ports",
            "openstack_networking_secgroup_v2.web"
          ]
        },
        {
          "index_key": 1,
          "schema_version": 0,
          "attributes": {
            "access_ip_v4": "10.69.0.74",
            "access_ip_v6": "",
            "admin_pass": null,
            "all_metadata": {},
            "all_tags": [],
            "availability_zone": "nova",
            "availability_zone_hints": null,
            "block_device": [],
            "config_drive": null,
            "created": "2025-07-11 01:06:09 +0000 UTC",
            "flavor_id": "0de4c5d8-eab2-487d-88fa-7115eb61bfcd",
            "flavor_name": "m1.small",
            "force_delete": false,
            "hypervisor_hostname": "bc04",
            "id": "eda7704c-ee6d-4ea4-9a48-3e8a80438a2b",
            "image_id": "156b783e-2862-444f-b055-f74dab60ba40",
            "image_name": "centos-10",
            "key_pair": "admin",
            "metadata": null,
            "name": "apache-2",
            "network": [
              {
                "access_network": false,
                "fixed_ip_v4": "10.69.0.74",
                "fixed_ip_v6": "",
                "mac": "fa:16:3e:9b:8d:15",
                "name": "Admin-GenPop",
                "port": "21c66e5a-81b3-4435-9686-c944e34363c6",
                "uuid": "e9b393b0-7179-4d10-ae04-5ef67fe8d241"
              }
            ],
            "network_mode": null,
            "personality": [],
            "power_state": "active",
            "region": "RegionOne",
            "scheduler_hints": [],
            "security_groups": [
              "common-client-access",
              "web"
            ],
            "stop_before_destroy": false,
            "tags": null,
            "timeouts": null,
            "updated": "2025-07-11 01:06:29 +0000 UTC",
            "user_data": "e1a3f5cf77130ccfcd578ba693d2cb9f398f7ea7",
            "vendor_options": []
          },
          "sensitive_attributes": [
            [
              {
                "type": "get_attr",
                "value": "admin_pass"
              }
            ]
          ],
          "identity_schema_version": 0,
          "private": "eyJlMmJmYjczMC1lY2FhLTExZTYtOGY4OC0zNDM2M2JjN2M0YzAiOnsiY3JlYXRlIjoxODAwMDAwMDAwMDAwLCJkZWxldGUiOjE4MDAwMDAwMDAwMDAsInVwZGF0ZSI6MTgwMDAwMDAwMDAwMH19",
          "dependencies": [
            "data.openstack_compute_flavor_v2.small",
            "data.openstack_compute_keypair_v2.admin",
            "data.openstack_images_image_v2.centos10",
            "data.openstack_networking_network_v2.admin-genpop",
            "data.openstack_networking_secgroup_v2.common",
            "openstack_networking_port_v2.web_ports",
            "openstack_networking_secgroup_v2.web"
          ]
        },
        {
          "index_key": 2,
          "schema_version": 0,
          "attributes": {
            "access_ip_v4": "10.69.0.152",
            "access_ip_v6": "",
            "admin_pass": null,
            "all_metadata": {},
            "all_tags": [],
            "availability_zone": "nova",
            "availability_zone_hints": null,
            "block_device": [],
            "config_drive": null,
            "created": "2025-07-11 01:06:09 +0000 UTC",
            "flavor_id": "0de4c5d8-eab2-487d-88fa-7115eb61bfcd",
            "flavor_name": "m1.small",
            "force_delete": false,
            "hypervisor_hostname": "bc04",
            "id": "7c54ec63-8416-47cd-8010-45d60669aead",
            "image_id": "156b783e-2862-444f-b055-f74dab60ba40",
            "image_name": "centos-10",
            "key_pair": "admin",
            "metadata": null,
            "name": "apache-3",
            "network": [
              {
                "access_network": false,
                "fixed_ip_v4": "10.69.0.152",
                "fixed_ip_v6": "",
                "mac": "fa:16:3e:d0:99:43",
                "name": "Admin-GenPop",
                "port": "dfc9af93-3863-4e13-b05d-6c236dea8e26",
                "uuid": "e9b393b0-7179-4d10-ae04-5ef67fe8d241"
              }
            ],
            "network_mode": null,
            "personality": [],
            "power_state": "active",
            "region": "RegionOne",
            "scheduler_hints": [],
            "security_groups": [
              "common-client-access",
              "web"
            ],
            "stop_before_destroy": false,
            "tags": null,
            "timeouts": null,
            "updated": "2025-07-11 01:06:32 +0000 UTC",
            "user_data": "e1a3f5cf77130ccfcd578ba693d2cb9f398f7ea7",
            "vendor_options": []
          },
          "sensitive_attributes": [
            [
              {
                "type": "get_attr",
                "value": "admin_pass"
              }
            ]
          ],
          "identity_schema_version": 0,
          "private": "eyJlMmJmYjczMC1lY2FhLTExZTYtOGY4OC0zNDM2M2JjN2M0YzAiOnsiY3JlYXRlIjoxODAwMDAwMDAwMDAwLCJkZWxldGUiOjE4MDAwMDAwMDAwMDAsInVwZGF0ZSI6MTgwMDAwMDAwMDAwMH19",
          "dependencies": [
            "data.openstack_compute_flavor_v2.small",
            "data.openstack_compute_keypair_v2.admin",
            "data.openstack_images_image_v2.centos10",
            "data.openstack_networking_network_v2.admin-genpop",
            "data.openstack_networking_secgroup_v2.common",
            "openstack_networking_port_v2.web_ports",
            "openstack_networking_secgroup_v2.web"
          ]
        }
      ]
    },
    {
      "mode": "managed",
      "type": "openstack_compute_volume_attach_v2",
      "name": "web_data_attach",
      "provider": "provider[\"registry.terraform.io/terraform-provider-openstack/openstack\"]",
      "instances": [
        {
          "index_key": 0,
          "schema_version": 0,
          "attributes": {
            "device": "/dev/vdb",
            "id": "0fd22398-005d-4f04-829a-9802359f488c/67e8d935-a352-4d26-9524-d8c0a0b0e2f3",
            "instance_id": "0fd22398-005d-4f04-829a-9802359f488c",
            "multiattach": null,
            "region": "RegionOne",
            "tag": null,
            "timeouts": null,
            "vendor_options": [],
            "volume_id": "67e8d935-a352-4d26-9524-d8c0a0b0e2f3"
          },
          "sensitive_attributes": [],
          "identity_schema_version": 0,
          "private": "eyJlMmJmYjczMC1lY2FhLTExZTYtOGY4OC0zNDM2M2JjN2M0YzAiOnsiY3JlYXRlIjo2MDAwMDAwMDAwMDAsImRlbGV0ZSI6NjAwMDAwMDAwMDAwfX0=",
          "dependencies": [
            "data.openstack_compute_flavor_v2.small",
            "data.openstack_compute_keypair_v2.admin",
            "data.openstack_images_image_v2.centos10",
            "data.openstack_networking_network_v2.admin-genpop",
            "data.openstack_networking_secgroup_v2.common",
            "openstack_blockstorage_volume_v3.web_data",
            "openstack_compute_instance_v2.web",
            "openstack_networking_port_v2.web_ports",
            "openstack_networking_secgroup_v2.web"
          ]
        },
        {
          "index_key": 1,
          "schema_version": 0,
          "attributes": {
            "device": "/dev/vdb",
            "id": "eda7704c-ee6d-4ea4-9a48-3e8a80438a2b/8227a9f8-67d7-44aa-9b95-eb8a29f8cc3b",
            "instance_id": "eda7704c-ee6d-4ea4-9a48-3e8a80438a2b",
            "multiattach": null,
            "region": "RegionOne",
            "tag": null,
            "timeouts": null,
            "vendor_options": [],
            "volume_id": "8227a9f8-67d7-44aa-9b95-eb8a29f8cc3b"
          },
          "sensitive_attributes": [],
          "identity_schema_version": 0,
          "private": "eyJlMmJmYjczMC1lY2FhLTExZTYtOGY4OC0zNDM2M2JjN2M0YzAiOnsiY3JlYXRlIjo2MDAwMDAwMDAwMDAsImRlbGV0ZSI6NjAwMDAwMDAwMDAwfX0=",
          "dependencies": [
            "data.openstack_compute_flavor_v2.small",
            "data.openstack_compute_keypair_v2.admin",
            "data.openstack_images_image_v2.centos10",
            "data.openstack_networking_network_v2.admin-genpop",
            "data.openstack_networking_secgroup_v2.common",
            "openstack_blockstorage_volume_v3.web_data",
            "openstack_compute_instance_v2.web",
            "openstack_networking_port_v2.web_ports",
            "openstack_networking_secgroup_v2.web"
          ]
        },
        {
          "index_key": 2,
          "schema_version": 0,
          "attributes": {
            "device": "/dev/vdb",
            "id": "7c54ec63-8416-47cd-8010-45d60669aead/b02c3339-43a8-408d-9bb8-6e32a5f161c3",
            "instance_id": "7c54ec63-8416-47cd-8010-45d60669aead",
            "multiattach": null,
            "region": "RegionOne",
            "tag": null,
            "timeouts": null,
            "vendor_options": [],
            "volume_id": "b02c3339-43a8-408d-9bb8-6e32a5f161c3"
          },
          "sensitive_attributes": [],
          "identity_schema_version": 0,
          "private": "eyJlMmJmYjczMC1lY2FhLTExZTYtOGY4OC0zNDM2M2JjN2M0YzAiOnsiY3JlYXRlIjo2MDAwMDAwMDAwMDAsImRlbGV0ZSI6NjAwMDAwMDAwMDAwfX0=",
          "dependencies": [
            "data.openstack_compute_flavor_v2.small",
            "data.openstack_compute_keypair_v2.admin",
            "data.openstack_images_image_v2.centos10",
            "data.openstack_networking_network_v2.admin-genpop",
            "data.openstack_networking_secgroup_v2.common",
            "openstack_blockstorage_volume_v3.web_data",
            "openstack_compute_instance_v2.web",
            "openstack_networking_port_v2.web_ports",
            "openstack_networking_secgroup_v2.web"
          ]
        }
      ]
    },
    {
      "mode": "managed",
      "type": "openstack_lb_listener_v2",
      "name": "http",
      "provider": "provider[\"registry.terraform.io/terraform-provider-openstack/openstack\"]",
      "instances": [
        {
          "schema_version": 0,
          "attributes": {
            "admin_state_up": true,
            "allowed_cidrs": null,
            "alpn_protocols": [],
            "client_authentication": "NONE",
            "client_ca_tls_container_ref": "",
            "client_crl_container_ref": "",
            "connection_limit": -1,
            "default_pool_id": "",
            "default_tls_container_ref": "",
            "description": "",
            "hsts_include_subdomains": false,
            "hsts_max_age": 0,
            "hsts_preload": false,
            "id": "1c94fa30-387e-431f-acce-5b7f71002888",
            "insert_headers": null,
            "loadbalancer_id": "a74bae9d-741e-4b5a-9169-7a3060fe3826",
            "name": "http-listener",
            "protocol": "HTTP",
            "protocol_port": 80,
            "region": "RegionOne",
            "sni_container_refs": null,
            "tags": null,
            "tenant_id": "a2bf637a895b4532a01069d67935f156",
            "timeout_client_data": 50000,
            "timeout_member_connect": 5000,
            "timeout_member_data": 50000,
            "timeout_tcp_inspect": 0,
            "timeouts": null,
            "tls_ciphers": "",
            "tls_versions": []
          },
          "sensitive_attributes": [],
          "identity_schema_version": 0,
          "private": "eyJlMmJmYjczMC1lY2FhLTExZTYtOGY4OC0zNDM2M2JjN2M0YzAiOnsiY3JlYXRlIjo2MDAwMDAwMDAwMDAsImRlbGV0ZSI6NjAwMDAwMDAwMDAwLCJ1cGRhdGUiOjYwMDAwMDAwMDAwMH19",
          "dependencies": [
            "data.openstack_networking_subnet_v2.providerlan_subnet",
            "openstack_lb_loadbalancer_v2.lb"
          ]
        }
      ]
    },
    {
      "mode": "managed",
      "type": "openstack_lb_loadbalancer_v2",
      "name": "lb",
      "provider": "provider[\"registry.terraform.io/terraform-provider-openstack/openstack\"]",
      "instances": [
        {
          "schema_version": 0,
          "attributes": {
            "admin_state_up": true,
            "availability_zone": "",
            "description": "",
            "flavor_id": "",
            "id": "a74bae9d-741e-4b5a-9169-7a3060fe3826",
            "loadbalancer_provider": "amphora",
            "name": "apache-lb",
            "region": "RegionOne",
            "security_group_ids": [
              "263ce3b0-005b-47da-9296-9a04c1774818"
            ],
            "tags": null,
            "tenant_id": "a2bf637a895b4532a01069d67935f156",
            "timeouts": null,
            "vip_address": "192.168.1.223",
            "vip_network_id": "6740f9ae-b94f-46e4-99d4-e679683950fe",
            "vip_port_id": "af3ee4c8-0b4a-42b2-a165-91e858e69879",
            "vip_qos_policy_id": "",
            "vip_subnet_id": "9c567670-b4ca-4195-a3f3-1084e3428a63"
          },
          "sensitive_attributes": [],
          "identity_schema_version": 0,
          "private": "eyJlMmJmYjczMC1lY2FhLTExZTYtOGY4OC0zNDM2M2JjN2M0YzAiOnsiY3JlYXRlIjo2MDAwMDAwMDAwMDAsImRlbGV0ZSI6MzAwMDAwMDAwMDAwLCJ1cGRhdGUiOjYwMDAwMDAwMDAwMH19",
          "dependencies": [
            "data.openstack_networking_subnet_v2.providerlan_subnet"
          ]
        }
      ]
    },
    {
      "mode": "managed",
      "type": "openstack_lb_member_v2",
      "name": "members",
      "provider": "provider[\"registry.terraform.io/terraform-provider-openstack/openstack\"]",
      "instances": [
        {
          "index_key": 0,
          "schema_version": 0,
          "attributes": {
            "address": "10.69.0.54",
            "admin_state_up": true,
            "backup": false,
            "id": "0efbca4b-693e-4007-b224-4a905a2d6da1",
            "monitor_address": "",
            "monitor_port": 0,
            "name": "",
            "pool_id": "cea62183-fff3-4f2d-8d4b-3707e3cf9f8a",
            "protocol_port": 80,
            "region": "RegionOne",
            "subnet_id": "8be0afe6-5b62-411e-a4c9-42c9442b749d",
            "tags": null,
            "tenant_id": "a2bf637a895b4532a01069d67935f156",
            "timeouts": null,
            "weight": 1
          },
          "sensitive_attributes": [],
          "identity_schema_version": 0,
          "private": "eyJlMmJmYjczMC1lY2FhLTExZTYtOGY4OC0zNDM2M2JjN2M0YzAiOnsiY3JlYXRlIjo2MDAwMDAwMDAwMDAsImRlbGV0ZSI6NjAwMDAwMDAwMDAwLCJ1cGRhdGUiOjYwMDAwMDAwMDAwMH19",
          "dependencies": [
            "data.openstack_networking_network_v2.admin-genpop",
            "data.openstack_networking_secgroup_v2.common",
            "data.openstack_networking_subnet_v2.admin-genpop-subnet",
            "data.openstack_networking_subnet_v2.providerlan_subnet",
            "openstack_lb_listener_v2.http",
            "openstack_lb_loadbalancer_v2.lb",
            "openstack_lb_pool_v2.web_pool",
            "openstack_networking_port_v2.web_ports",
            "openstack_networking_secgroup_v2.web"
          ]
        },
        {
          "index_key": 1,
          "schema_version": 0,
          "attributes": {
            "address": "10.69.0.74",
            "admin_state_up": true,
            "backup": false,
            "id": "79ac8f16-c37e-49f4-a4f7-976f01d61c49",
            "monitor_address": "",
            "monitor_port": 0,
            "name": "",
            "pool_id": "cea62183-fff3-4f2d-8d4b-3707e3cf9f8a",
            "protocol_port": 80,
            "region": "RegionOne",
            "subnet_id": "8be0afe6-5b62-411e-a4c9-42c9442b749d",
            "tags": null,
            "tenant_id": "a2bf637a895b4532a01069d67935f156",
            "timeouts": null,
            "weight": 1
          },
          "sensitive_attributes": [],
          "identity_schema_version": 0,
          "private": "eyJlMmJmYjczMC1lY2FhLTExZTYtOGY4OC0zNDM2M2JjN2M0YzAiOnsiY3JlYXRlIjo2MDAwMDAwMDAwMDAsImRlbGV0ZSI6NjAwMDAwMDAwMDAwLCJ1cGRhdGUiOjYwMDAwMDAwMDAwMH19",
          "dependencies": [
            "data.openstack_networking_network_v2.admin-genpop",
            "data.openstack_networking_secgroup_v2.common",
            "data.openstack_networking_subnet_v2.admin-genpop-subnet",
            "data.openstack_networking_subnet_v2.providerlan_subnet",
            "openstack_lb_listener_v2.http",
            "openstack_lb_loadbalancer_v2.lb",
            "openstack_lb_pool_v2.web_pool",
            "openstack_networking_port_v2.web_ports",
            "openstack_networking_secgroup_v2.web"
          ]
        },
        {
          "index_key": 2,
          "schema_version": 0,
          "attributes": {
            "address": "10.69.0.152",
            "admin_state_up": true,
            "backup": false,
            "id": "4ff8e5b6-b99e-4fff-893f-c429802a0ab5",
            "monitor_address": "",
            "monitor_port": 0,
            "name": "",
            "pool_id": "cea62183-fff3-4f2d-8d4b-3707e3cf9f8a",
            "protocol_port": 80,
            "region": "RegionOne",
            "subnet_id": "8be0afe6-5b62-411e-a4c9-42c9442b749d",
            "tags": null,
            "tenant_id": "a2bf637a895b4532a01069d67935f156",
            "timeouts": null,
            "weight": 1
          },
          "sensitive_attributes": [],
          "identity_schema_version": 0,
          "private": "eyJlMmJmYjczMC1lY2FhLTExZTYtOGY4OC0zNDM2M2JjN2M0YzAiOnsiY3JlYXRlIjo2MDAwMDAwMDAwMDAsImRlbGV0ZSI6NjAwMDAwMDAwMDAwLCJ1cGRhdGUiOjYwMDAwMDAwMDAwMH19",
          "dependencies": [
            "data.openstack_networking_network_v2.admin-genpop",
            "data.openstack_networking_secgroup_v2.common",
            "data.openstack_networking_subnet_v2.admin-genpop-subnet",
            "data.openstack_networking_subnet_v2.providerlan_subnet",
            "openstack_lb_listener_v2.http",
            "openstack_lb_loadbalancer_v2.lb",
            "openstack_lb_pool_v2.web_pool",
            "openstack_networking_port_v2.web_ports",
            "openstack_networking_secgroup_v2.web"
          ]
        }
      ]
    },
    {
      "mode": "managed",
      "type": "openstack_lb_monitor_v2",
      "name": "hc",
      "provider": "provider[\"registry.terraform.io/terraform-provider-openstack/openstack\"]",
      "instances": [
        {
          "schema_version": 0,
          "attributes": {
            "admin_state_up": true,
            "delay": 5,
            "domain_name": "",
            "expected_codes": "200",
            "http_method": "GET",
            "http_version": "",
            "id": "9e839b3d-012c-4a15-abf4-b5d695172ca0",
            "max_retries": 3,
            "max_retries_down": 3,
            "name": "",
            "pool_id": "cea62183-fff3-4f2d-8d4b-3707e3cf9f8a",
            "region": "RegionOne",
            "tenant_id": "a2bf637a895b4532a01069d67935f156",
            "timeout": 3,
            "timeouts": null,
            "type": "HTTP",
            "url_path": "/"
          },
          "sensitive_attributes": [],
          "identity_schema_version": 0,
          "private": "eyJlMmJmYjczMC1lY2FhLTExZTYtOGY4OC0zNDM2M2JjN2M0YzAiOnsiY3JlYXRlIjo2MDAwMDAwMDAwMDAsImRlbGV0ZSI6NjAwMDAwMDAwMDAwLCJ1cGRhdGUiOjYwMDAwMDAwMDAwMH19",
          "dependencies": [
            "data.openstack_networking_subnet_v2.providerlan_subnet",
            "openstack_lb_listener_v2.http",
            "openstack_lb_loadbalancer_v2.lb",
            "openstack_lb_pool_v2.web_pool"
          ]
        }
      ]
    },
    {
      "mode": "managed",
      "type": "openstack_lb_pool_v2",
      "name": "web_pool",
      "provider": "provider[\"registry.terraform.io/terraform-provider-openstack/openstack\"]",
      "instances": [
        {
          "schema_version": 0,
          "attributes": {
            "admin_state_up": true,
            "alpn_protocols": [],
            "ca_tls_container_ref": "",
            "crl_container_ref": "",
            "description": "",
            "id": "cea62183-fff3-4f2d-8d4b-3707e3cf9f8a",
            "lb_method": "ROUND_ROBIN",
            "listener_id": "1c94fa30-387e-431f-acce-5b7f71002888",
            "loadbalancer_id": null,
            "name": "web-pool",
            "persistence": [],
            "protocol": "HTTP",
            "region": "RegionOne",
            "tags": null,
            "tenant_id": "a2bf637a895b4532a01069d67935f156",
            "timeouts": null,
            "tls_ciphers": "",
            "tls_container_ref": "",
            "tls_enabled": false,
            "tls_versions": []
          },
          "sensitive_attributes": [],
          "identity_schema_version": 0,
          "private": "eyJlMmJmYjczMC1lY2FhLTExZTYtOGY4OC0zNDM2M2JjN2M0YzAiOnsiY3JlYXRlIjo2MDAwMDAwMDAwMDAsImRlbGV0ZSI6NjAwMDAwMDAwMDAwLCJ1cGRhdGUiOjYwMDAwMDAwMDAwMH19",
          "dependencies": [
            "data.openstack_networking_subnet_v2.providerlan_subnet",
            "openstack_lb_listener_v2.http",
            "openstack_lb_loadbalancer_v2.lb"
          ]
        }
      ]
    },
    {
      "mode": "managed",
      "type": "openstack_networking_port_v2",
      "name": "web_ports",
      "provider": "provider[\"registry.terraform.io/terraform-provider-openstack/openstack\"]",
      "instances": [
        {
          "index_key": 0,
          "schema_version": 0,
          "attributes": {
            "admin_state_up": true,
            "all_fixed_ips": [
              "10.69.0.54"
            ],
            "all_security_group_ids": [
              "5a28d73c-ad10-4228-b26e-486cc7997c3d",
              "b151fcd6-a177-4307-9920-607ab8973950"
            ],
            "all_tags": [],
            "allowed_address_pairs": [],
            "binding": [
              {
                "host_id": "",
                "profile": "{}",
                "vif_details": {},
                "vif_type": "unbound",
                "vnic_type": "normal"
              }
            ],
            "description": "",
            "device_id": "",
            "device_owner": "",
            "dns_assignment": [],
            "dns_name": "",
            "extra_dhcp_option": [],
            "fixed_ip": [],
            "id": "699ec053-f090-424d-aaff-5cfdf6a25265",
            "mac_address": "fa:16:3e:62:a4:37",
            "name": "apache-port-1",
            "network_id": "e9b393b0-7179-4d10-ae04-5ef67fe8d241",
            "no_fixed_ip": null,
            "no_security_groups": null,
            "port_security_enabled": true,
            "qos_policy_id": "",
            "region": "RegionOne",
            "security_group_ids": [
              "5a28d73c-ad10-4228-b26e-486cc7997c3d",
              "b151fcd6-a177-4307-9920-607ab8973950"
            ],
            "tags": null,
            "tenant_id": "a2bf637a895b4532a01069d67935f156",
            "timeouts": null,
            "value_specs": null
          },
          "sensitive_attributes": [],
          "identity_schema_version": 0,
          "private": "eyJlMmJmYjczMC1lY2FhLTExZTYtOGY4OC0zNDM2M2JjN2M0YzAiOnsiY3JlYXRlIjo2MDAwMDAwMDAwMDAsImRlbGV0ZSI6NjAwMDAwMDAwMDAwfX0=",
          "dependencies": [
            "data.openstack_networking_network_v2.admin-genpop",
            "data.openstack_networking_secgroup_v2.common",
            "openstack_networking_secgroup_v2.web"
          ]
        },
        {
          "index_key": 1,
          "schema_version": 0,
          "attributes": {
            "admin_state_up": true,
            "all_fixed_ips": [
              "10.69.0.74"
            ],
            "all_security_group_ids": [
              "5a28d73c-ad10-4228-b26e-486cc7997c3d",
              "b151fcd6-a177-4307-9920-607ab8973950"
            ],
            "all_tags": [],
            "allowed_address_pairs": [],
            "binding": [
              {
                "host_id": "",
                "profile": "{}",
                "vif_details": {},
                "vif_type": "unbound",
                "vnic_type": "normal"
              }
            ],
            "description": "",
            "device_id": "",
            "device_owner": "",
            "dns_assignment": [],
            "dns_name": "",
            "extra_dhcp_option": [],
            "fixed_ip": [],
            "id": "21c66e5a-81b3-4435-9686-c944e34363c6",
            "mac_address": "fa:16:3e:9b:8d:15",
            "name": "apache-port-2",
            "network_id": "e9b393b0-7179-4d10-ae04-5ef67fe8d241",
            "no_fixed_ip": null,
            "no_security_groups": null,
            "port_security_enabled": true,
            "qos_policy_id": "",
            "region": "RegionOne",
            "security_group_ids": [
              "5a28d73c-ad10-4228-b26e-486cc7997c3d",
              "b151fcd6-a177-4307-9920-607ab8973950"
            ],
            "tags": null,
            "tenant_id": "a2bf637a895b4532a01069d67935f156",
            "timeouts": null,
            "value_specs": null
          },
          "sensitive_attributes": [],
          "identity_schema_version": 0,
          "private": "eyJlMmJmYjczMC1lY2FhLTExZTYtOGY4OC0zNDM2M2JjN2M0YzAiOnsiY3JlYXRlIjo2MDAwMDAwMDAwMDAsImRlbGV0ZSI6NjAwMDAwMDAwMDAwfX0=",
          "dependencies": [
            "data.openstack_networking_network_v2.admin-genpop",
            "data.openstack_networking_secgroup_v2.common",
            "openstack_networking_secgroup_v2.web"
          ]
        },
        {
          "index_key": 2,
          "schema_version": 0,
          "attributes": {
            "admin_state_up": true,
            "all_fixed_ips": [
              "10.69.0.152"
            ],
            "all_security_group_ids": [
              "5a28d73c-ad10-4228-b26e-486cc7997c3d",
              "b151fcd6-a177-4307-9920-607ab8973950"
            ],
            "all_tags": [],
            "allowed_address_pairs": [],
            "binding": [
              {
                "host_id": "",
                "profile": "{}",
                "vif_details": {},
                "vif_type": "unbound",
                "vnic_type": "normal"
              }
            ],
            "description": "",
            "device_id": "",
            "device_owner": "",
            "dns_assignment": [],
            "dns_name": "",
            "extra_dhcp_option": [],
            "fixed_ip": [],
            "id": "dfc9af93-3863-4e13-b05d-6c236dea8e26",
            "mac_address": "fa:16:3e:d0:99:43",
            "name": "apache-port-3",
            "network_id": "e9b393b0-7179-4d10-ae04-5ef67fe8d241",
            "no_fixed_ip": null,
            "no_security_groups": null,
            "port_security_enabled": true,
            "qos_policy_id": "",
            "region": "RegionOne",
            "security_group_ids": [
              "5a28d73c-ad10-4228-b26e-486cc7997c3d",
              "b151fcd6-a177-4307-9920-607ab8973950"
            ],
            "tags": null,
            "tenant_id": "a2bf637a895b4532a01069d67935f156",
            "timeouts": null,
            "value_specs": null
          },
          "sensitive_attributes": [],
          "identity_schema_version": 0,
          "private": "eyJlMmJmYjczMC1lY2FhLTExZTYtOGY4OC0zNDM2M2JjN2M0YzAiOnsiY3JlYXRlIjo2MDAwMDAwMDAwMDAsImRlbGV0ZSI6NjAwMDAwMDAwMDAwfX0=",
          "dependencies": [
            "data.openstack_networking_network_v2.admin-genpop",
            "data.openstack_networking_secgroup_v2.common",
            "openstack_networking_secgroup_v2.web"
          ]
        }
      ]
    },
    {
      "mode": "managed",
      "type": "openstack_networking_secgroup_rule_v2",
      "name": "web_http",
      "provider": "provider[\"registry.terraform.io/terraform-provider-openstack/openstack\"]",
      "instances": [
        {
          "schema_version": 0,
          "attributes": {
            "description": "",
            "direction": "ingress",
            "ethertype": "IPv4",
            "id": "3c860d65-99d5-406d-8d25-f157c6d03db6",
            "port_range_max": 80,
            "port_range_min": 80,
            "protocol": "tcp",
            "region": "RegionOne",
            "remote_address_group_id": "",
            "remote_group_id": "",
            "remote_ip_prefix": "0.0.0.0/0",
            "security_group_id": "5a28d73c-ad10-4228-b26e-486cc7997c3d",
            "tenant_id": "a2bf637a895b4532a01069d67935f156",
            "timeouts": null
          },
          "sensitive_attributes": [],
          "identity_schema_version": 0,
          "private": "eyJlMmJmYjczMC1lY2FhLTExZTYtOGY4OC0zNDM2M2JjN2M0YzAiOnsiZGVsZXRlIjo2MDAwMDAwMDAwMDB9fQ==",
          "dependencies": [
            "openstack_networking_secgroup_v2.web"
          ]
        }
      ]
    },
    {
      "mode": "managed",
      "type": "openstack_networking_secgroup_rule_v2",
      "name": "web_https",
      "provider": "provider[\"registry.terraform.io/terraform-provider-openstack/openstack\"]",
      "instances": [
        {
          "schema_version": 0,
          "attributes": {
            "description": "",
            "direction": "ingress",
            "ethertype": "IPv4",
            "id": "76f8a17f-b03e-44a4-8ad8-3617dedaf7e4",
            "port_range_max": 443,
            "port_range_min": 443,
            "protocol": "tcp",
            "region": "RegionOne",
            "remote_address_group_id": "",
            "remote_group_id": "",
            "remote_ip_prefix": "0.0.0.0/0",
            "security_group_id": "5a28d73c-ad10-4228-b26e-486cc7997c3d",
            "tenant_id": "a2bf637a895b4532a01069d67935f156",
            "timeouts": null
          },
          "sensitive_attributes": [],
          "identity_schema_version": 0,
          "private": "eyJlMmJmYjczMC1lY2FhLTExZTYtOGY4OC0zNDM2M2JjN2M0YzAiOnsiZGVsZXRlIjo2MDAwMDAwMDAwMDB9fQ==",
          "dependencies": [
            "openstack_networking_secgroup_v2.web"
          ]
        }
      ]
    },
    {
      "mode": "managed",
      "type": "openstack_networking_secgroup_v2",
      "name": "web",
      "provider": "provider[\"registry.terraform.io/terraform-provider-openstack/openstack\"]",
      "instances": [
        {
          "schema_version": 0,
          "attributes": {
            "all_tags": [],
            "delete_default_rules": false,
            "description": "Allow HTTP/HTTPS",
            "id": "5a28d73c-ad10-4228-b26e-486cc7997c3d",
            "name": "web",
            "region": "RegionOne",
            "stateful": true,
            "tags": null,
            "tenant_id": "a2bf637a895b4532a01069d67935f156",
            "timeouts": null
          },
          "sensitive_attributes": [],
          "identity_schema_version": 0,
          "private": "eyJlMmJmYjczMC1lY2FhLTExZTYtOGY4OC0zNDM2M2JjN2M0YzAiOnsiZGVsZXRlIjo2MDAwMDAwMDAwMDB9fQ=="
        }
      ]
    }
  ],
  "check_results": null
}
